{
  "name": "ProjectV",
  "lockfileVersion": 2,
  "requires": true,
  "packages": {
    "": {
      "dependencies": {
        "gojs": "^2.2.12"
      }
    },
    "node_modules/gojs": {
      "version": "2.2.12",
      "resolved": "https://registry.npmjs.org/gojs/-/gojs-2.2.12.tgz",
      "integrity": "sha512-UM+vydd7sr8C1yFbns1f+or1oR+8PkYZqRRcupYQ8fywrIzBYkhOc+D7Zbi1E2mTcBPLdS/RXBpuS+Lod8uRyA=="
    }
  },
  "dependencies": {
    "gojs": {
      "version": "2.2.12",
      "resolved": "https://registry.npmjs.org/gojs/-/gojs-2.2.12.tgz",
      "integrity": "sha512-UM+vydd7sr8C1yFbns1f+or1oR+8PkYZqRRcupYQ8fywrIzBYkhOc+D7Zbi1E2mTcBPLdS/RXBpuS+Lod8uRyA=="
    }
  }
}
