{
  "name": "ProjectV",
  "lockfileVersion": 2,
  "requires": true,
  "packages": {
    "": {
      "dependencies": {
        "animate.css": "^4.1.1",
        "gojs": "^2.2.12",
        "jquery": "^3.6.1"
      }
    },
    "node_modules/animate.css": {
      "version": "4.1.1",
      "resolved": "https://registry.npmjs.org/animate.css/-/animate.css-4.1.1.tgz",
      "integrity": "sha512-+mRmCTv6SbCmtYJCN4faJMNFVNN5EuCTTprDTAo7YzIGji2KADmakjVA3+8mVDkZ2Bf09vayB35lSQIex2+QaQ=="
    },
    "node_modules/gojs": {
      "version": "2.2.12",
      "resolved": "https://registry.npmjs.org/gojs/-/gojs-2.2.12.tgz",
      "integrity": "sha512-UM+vydd7sr8C1yFbns1f+or1oR+8PkYZqRRcupYQ8fywrIzBYkhOc+D7Zbi1E2mTcBPLdS/RXBpuS+Lod8uRyA=="
    },
    "node_modules/jquery": {
      "version": "3.6.1",
      "resolved": "https://registry.npmjs.org/jquery/-/jquery-3.6.1.tgz",
      "integrity": "sha512-opJeO4nCucVnsjiXOE+/PcCgYw9Gwpvs/a6B1LL/lQhwWwpbVEVYDZ1FokFr8PRc7ghYlrFPuyHuiiDNTQxmcw=="
    }
  },
  "dependencies": {
    "animate.css": {
      "version": "4.1.1",
      "resolved": "https://registry.npmjs.org/animate.css/-/animate.css-4.1.1.tgz",
      "integrity": "sha512-+mRmCTv6SbCmtYJCN4faJMNFVNN5EuCTTprDTAo7YzIGji2KADmakjVA3+8mVDkZ2Bf09vayB35lSQIex2+QaQ=="
    },
    "gojs": {
      "version": "2.2.12",
      "resolved": "https://registry.npmjs.org/gojs/-/gojs-2.2.12.tgz",
      "integrity": "sha512-UM+vydd7sr8C1yFbns1f+or1oR+8PkYZqRRcupYQ8fywrIzBYkhOc+D7Zbi1E2mTcBPLdS/RXBpuS+Lod8uRyA=="
    },
    "jquery": {
      "version": "3.6.1",
      "resolved": "https://registry.npmjs.org/jquery/-/jquery-3.6.1.tgz",
      "integrity": "sha512-opJeO4nCucVnsjiXOE+/PcCgYw9Gwpvs/a6B1LL/lQhwWwpbVEVYDZ1FokFr8PRc7ghYlrFPuyHuiiDNTQxmcw=="
    }
  }
}
