{
  "name": "ProjectV",
  "lockfileVersion": 2,
  "requires": true,
  "packages": {
    "": {
      "dependencies": {
        "gojs": "^2.2.12",
        "jquery": "^3.6.1"
      }
    },
    "node_modules/gojs": {
      "version": "2.2.12",
      "resolved": "https://registry.npmjs.org/gojs/-/gojs-2.2.12.tgz",
      "integrity": "sha512-UM+vydd7sr8C1yFbns1f+or1oR+8PkYZqRRcupYQ8fywrIzBYkhOc+D7Zbi1E2mTcBPLdS/RXBpuS+Lod8uRyA=="
    },
    "node_modules/jquery": {
      "version": "3.6.1",
      "resolved": "https://registry.npmjs.org/jquery/-/jquery-3.6.1.tgz",
      "integrity": "sha512-opJeO4nCucVnsjiXOE+/PcCgYw9Gwpvs/a6B1LL/lQhwWwpbVEVYDZ1FokFr8PRc7ghYlrFPuyHuiiDNTQxmcw=="
    }
  },
  "dependencies": {
    "gojs": {
      "version": "2.2.12",
      "resolved": "https://registry.npmjs.org/gojs/-/gojs-2.2.12.tgz",
      "integrity": "sha512-UM+vydd7sr8C1yFbns1f+or1oR+8PkYZqRRcupYQ8fywrIzBYkhOc+D7Zbi1E2mTcBPLdS/RXBpuS+Lod8uRyA=="
    },
    "jquery": {
      "version": "3.6.1",
      "resolved": "https://registry.npmjs.org/jquery/-/jquery-3.6.1.tgz",
      "integrity": "sha512-opJeO4nCucVnsjiXOE+/PcCgYw9Gwpvs/a6B1LL/lQhwWwpbVEVYDZ1FokFr8PRc7ghYlrFPuyHuiiDNTQxmcw=="
    }
  }
}
